// !$*UTF8*$!
{
	archiveVersion = 1;
	classes = {
	};
	objectVersion = 60;
	objects = {

/* Begin PBXBuildFile section */
		040A51822C4296B300E5FA18 /* Model.swift in Sources */ = {isa = PBXBuildFile; fileRef = 040A51812C4296B300E5FA18 /* Model.swift */; };
		04AE64F92C39620D00EFC09C /* OpenBooksPersonalFinanceApp.swift in Sources */ = {isa = PBXBuildFile; fileRef = 04AE64F82C39620D00EFC09C /* OpenBooksPersonalFinanceApp.swift */; };
		04AE64FB2C39620D00EFC09C /* ContentView.swift in Sources */ = {isa = PBXBuildFile; fileRef = 04AE64FA2C39620D00EFC09C /* ContentView.swift */; };
		04AE64FF2C39620E00EFC09C /* Assets.xcassets in Resources */ = {isa = PBXBuildFile; fileRef = 04AE64FE2C39620E00EFC09C /* Assets.xcassets */; };
		04AE65032C39620E00EFC09C /* Preview Assets.xcassets in Resources */ = {isa = PBXBuildFile; fileRef = 04AE65022C39620E00EFC09C /* Preview Assets.xcassets */; };
		04AE650A2C39632D00EFC09C /* Transaction.swift in Sources */ = {isa = PBXBuildFile; fileRef = 04AE65092C39632D00EFC09C /* Transaction.swift */; };
		04AE650C2C39667800EFC09C /* Account.swift in Sources */ = {isa = PBXBuildFile; fileRef = 04AE650B2C39667800EFC09C /* Account.swift */; };
		04AE65122C397DD800EFC09C /* TimePeriod.swift in Sources */ = {isa = PBXBuildFile; fileRef = 04AE65112C397DD800EFC09C /* TimePeriod.swift */; };
		04AE65142C397FBE00EFC09C /* RepetitionFrequency.swift in Sources */ = {isa = PBXBuildFile; fileRef = 04AE65132C397FBE00EFC09C /* RepetitionFrequency.swift */; };
		04AE65172C3A1EAA00EFC09C /* AccountsTableView.swift in Sources */ = {isa = PBXBuildFile; fileRef = 04AE65162C3A1EAA00EFC09C /* AccountsTableView.swift */; };
		04AE651B2C3A249600EFC09C /* OBFoundation in Frameworks */ = {isa = PBXBuildFile; productRef = 04AE651A2C3A249600EFC09C /* OBFoundation */; };
		04E55C762C4CAC4B0032AA0C /* AccountManager.swift in Sources */ = {isa = PBXBuildFile; fileRef = 04E55C752C4CAC4B0032AA0C /* AccountManager.swift */; };
		04E55C782C57B3300032AA0C /* AccountRowView.swift in Sources */ = {isa = PBXBuildFile; fileRef = 04E55C772C57B3300032AA0C /* AccountRowView.swift */; };
		04E55C7A2C5A63490032AA0C /* AccountTestListView.swift in Sources */ = {isa = PBXBuildFile; fileRef = 04E55C792C5A63490032AA0C /* AccountTestListView.swift */; };
/* End PBXBuildFile section */

/* Begin PBXFileReference section */
		040A51812C4296B300E5FA18 /* Model.swift */ = {isa = PBXFileReference; lastKnownFileType = sourcecode.swift; path = Model.swift; sourceTree = "<group>"; };
		04AE64F52C39620D00EFC09C /* OpenBooksPersonalFinance.app */ = {isa = PBXFileReference; explicitFileType = wrapper.application; includeInIndex = 0; path = OpenBooksPersonalFinance.app; sourceTree = BUILT_PRODUCTS_DIR; };
		04AE64F82C39620D00EFC09C /* OpenBooksPersonalFinanceApp.swift */ = {isa = PBXFileReference; lastKnownFileType = sourcecode.swift; path = OpenBooksPersonalFinanceApp.swift; sourceTree = "<group>"; };
		04AE64FA2C39620D00EFC09C /* ContentView.swift */ = {isa = PBXFileReference; lastKnownFileType = sourcecode.swift; path = ContentView.swift; sourceTree = "<group>"; };
		04AE64FE2C39620E00EFC09C /* Assets.xcassets */ = {isa = PBXFileReference; lastKnownFileType = folder.assetcatalog; path = Assets.xcassets; sourceTree = "<group>"; };
		04AE65002C39620E00EFC09C /* OpenBooksPersonalFinance.entitlements */ = {isa = PBXFileReference; lastKnownFileType = text.plist.entitlements; path = OpenBooksPersonalFinance.entitlements; sourceTree = "<group>"; };
		04AE65022C39620E00EFC09C /* Preview Assets.xcassets */ = {isa = PBXFileReference; lastKnownFileType = folder.assetcatalog; path = "Preview Assets.xcassets"; sourceTree = "<group>"; };
		04AE65092C39632D00EFC09C /* Transaction.swift */ = {isa = PBXFileReference; lastKnownFileType = sourcecode.swift; path = Transaction.swift; sourceTree = "<group>"; };
		04AE650B2C39667800EFC09C /* Account.swift */ = {isa = PBXFileReference; lastKnownFileType = sourcecode.swift; path = Account.swift; sourceTree = "<group>"; };
		04AE65112C397DD800EFC09C /* TimePeriod.swift */ = {isa = PBXFileReference; lastKnownFileType = sourcecode.swift; path = TimePeriod.swift; sourceTree = "<group>"; };
		04AE65132C397FBE00EFC09C /* RepetitionFrequency.swift */ = {isa = PBXFileReference; lastKnownFileType = sourcecode.swift; path = RepetitionFrequency.swift; sourceTree = "<group>"; };
		04AE65162C3A1EAA00EFC09C /* AccountsTableView.swift */ = {isa = PBXFileReference; lastKnownFileType = sourcecode.swift; path = AccountsTableView.swift; sourceTree = "<group>"; };
		04E55C752C4CAC4B0032AA0C /* AccountManager.swift */ = {isa = PBXFileReference; lastKnownFileType = sourcecode.swift; path = AccountManager.swift; sourceTree = "<group>"; };
		04E55C772C57B3300032AA0C /* AccountRowView.swift */ = {isa = PBXFileReference; lastKnownFileType = sourcecode.swift; path = AccountRowView.swift; sourceTree = "<group>"; };
		04E55C792C5A63490032AA0C /* AccountTestListView.swift */ = {isa = PBXFileReference; lastKnownFileType = sourcecode.swift; path = AccountTestListView.swift; sourceTree = "<group>"; };
/* End PBXFileReference section */

/* Begin PBXFrameworksBuildPhase section */
		04AE64F22C39620D00EFC09C /* Frameworks */ = {
			isa = PBXFrameworksBuildPhase;
			buildActionMask = 2147483647;
			files = (
				04AE651B2C3A249600EFC09C /* OBFoundation in Frameworks */,
			);
			runOnlyForDeploymentPostprocessing = 0;
		};
/* End PBXFrameworksBuildPhase section */

/* Begin PBXGroup section */
		04AE64EC2C39620D00EFC09C = {
			isa = PBXGroup;
			children = (
				04AE64F72C39620D00EFC09C /* OpenBooksPersonalFinance */,
				04AE64F62C39620D00EFC09C /* Products */,
				04AE651C2C41565D00EFC09C /* Frameworks */,
			);
			sourceTree = "<group>";
		};
		04AE64F62C39620D00EFC09C /* Products */ = {
			isa = PBXGroup;
			children = (
				04AE64F52C39620D00EFC09C /* OpenBooksPersonalFinance.app */,
			);
			name = Products;
			sourceTree = "<group>";
		};
		04AE64F72C39620D00EFC09C /* OpenBooksPersonalFinance */ = {
			isa = PBXGroup;
			children = (
				04AE64F82C39620D00EFC09C /* OpenBooksPersonalFinanceApp.swift */,
				04AE65182C3A1EB500EFC09C /* Views */,
				04AE65152C39FD2D00EFC09C /* Model */,
				04AE64FE2C39620E00EFC09C /* Assets.xcassets */,
				04AE65002C39620E00EFC09C /* OpenBooksPersonalFinance.entitlements */,
				04AE65012C39620E00EFC09C /* Preview Content */,
			);
			path = OpenBooksPersonalFinance;
			sourceTree = "<group>";
		};
		04AE65012C39620E00EFC09C /* Preview Content */ = {
			isa = PBXGroup;
			children = (
				04AE65022C39620E00EFC09C /* Preview Assets.xcassets */,
			);
			path = "Preview Content";
			sourceTree = "<group>";
		};
		04AE65152C39FD2D00EFC09C /* Model */ = {
			isa = PBXGroup;
			children = (
				040A51812C4296B300E5FA18 /* Model.swift */,
				04AE65092C39632D00EFC09C /* Transaction.swift */,
				04AE650B2C39667800EFC09C /* Account.swift */,
				04E55C752C4CAC4B0032AA0C /* AccountManager.swift */,
				04AE65112C397DD800EFC09C /* TimePeriod.swift */,
				04AE65132C397FBE00EFC09C /* RepetitionFrequency.swift */,
			);
			path = Model;
			sourceTree = "<group>";
		};
		04AE65182C3A1EB500EFC09C /* Views */ = {
			isa = PBXGroup;
			children = (
				04AE64FA2C39620D00EFC09C /* ContentView.swift */,
				04E55C792C5A63490032AA0C /* AccountTestListView.swift */,
				04AE65162C3A1EAA00EFC09C /* AccountsTableView.swift */,
				04E55C772C57B3300032AA0C /* AccountRowView.swift */,
			);
			path = Views;
			sourceTree = "<group>";
		};
		04AE651C2C41565D00EFC09C /* Frameworks */ = {
			isa = PBXGroup;
			children = (
			);
			name = Frameworks;
			sourceTree = "<group>";
		};
/* End PBXGroup section */

/* Begin PBXNativeTarget section */
		04AE64F42C39620D00EFC09C /* OpenBooksPersonalFinance */ = {
			isa = PBXNativeTarget;
			buildConfigurationList = 04AE65062C39620E00EFC09C /* Build configuration list for PBXNativeTarget "OpenBooksPersonalFinance" */;
			buildPhases = (
				04AE64F12C39620D00EFC09C /* Sources */,
				04AE64F22C39620D00EFC09C /* Frameworks */,
				04AE64F32C39620D00EFC09C /* Resources */,
			);
			buildRules = (
			);
			dependencies = (
			);
			name = OpenBooksPersonalFinance;
			packageProductDependencies = (
				04AE651A2C3A249600EFC09C /* OBFoundation */,
			);
			productName = OpenBooksPersonalFinance;
			productReference = 04AE64F52C39620D00EFC09C /* OpenBooksPersonalFinance.app */;
			productType = "com.apple.product-type.application";
		};
/* End PBXNativeTarget section */

/* Begin PBXProject section */
		04AE64ED2C39620D00EFC09C /* Project object */ = {
			isa = PBXProject;
			attributes = {
				BuildIndependentTargetsInParallel = 1;
				LastSwiftUpdateCheck = 1600;
				LastUpgradeCheck = 1600;
				TargetAttributes = {
					04AE64F42C39620D00EFC09C = {
						CreatedOnToolsVersion = 16.0;
					};
				};
			};
			buildConfigurationList = 04AE64F02C39620D00EFC09C /* Build configuration list for PBXProject "OpenBooksPersonalFinance" */;
			compatibilityVersion = "Xcode 15.0";
			developmentRegion = en;
			hasScannedForEncodings = 0;
			knownRegions = (
				en,
				Base,
			);
			mainGroup = 04AE64EC2C39620D00EFC09C;
			packageReferences = (
				04AE65192C3A249600EFC09C /* XCLocalSwiftPackageReference "../OBFoundation" */,
			);
			productRefGroup = 04AE64F62C39620D00EFC09C /* Products */;
			projectDirPath = "";
			projectRoot = "";
			targets = (
				04AE64F42C39620D00EFC09C /* OpenBooksPersonalFinance */,
			);
		};
/* End PBXProject section */

/* Begin PBXResourcesBuildPhase section */
		04AE64F32C39620D00EFC09C /* Resources */ = {
			isa = PBXResourcesBuildPhase;
			buildActionMask = 2147483647;
			files = (
				04AE65032C39620E00EFC09C /* Preview Assets.xcassets in Resources */,
				04AE64FF2C39620E00EFC09C /* Assets.xcassets in Resources */,
			);
			runOnlyForDeploymentPostprocessing = 0;
		};
/* End PBXResourcesBuildPhase section */

/* Begin PBXSourcesBuildPhase section */
		04AE64F12C39620D00EFC09C /* Sources */ = {
			isa = PBXSourcesBuildPhase;
			buildActionMask = 2147483647;
			files = (
				040A51822C4296B300E5FA18 /* Model.swift in Sources */,
				04AE65142C397FBE00EFC09C /* RepetitionFrequency.swift in Sources */,
				04AE65122C397DD800EFC09C /* TimePeriod.swift in Sources */,
				04AE650C2C39667800EFC09C /* Account.swift in Sources */,
				04E55C7A2C5A63490032AA0C /* AccountTestListView.swift in Sources */,
				04AE64FB2C39620D00EFC09C /* ContentView.swift in Sources */,
				04E55C782C57B3300032AA0C /* AccountRowView.swift in Sources */,
				04E55C762C4CAC4B0032AA0C /* AccountManager.swift in Sources */,
				04AE65172C3A1EAA00EFC09C /* AccountsTableView.swift in Sources */,
				04AE650A2C39632D00EFC09C /* Transaction.swift in Sources */,
				04AE64F92C39620D00EFC09C /* OpenBooksPersonalFinanceApp.swift in Sources */,
			);
			runOnlyForDeploymentPostprocessing = 0;
		};
/* End PBXSourcesBuildPhase section */

/* Begin XCBuildConfiguration section */
		04AE65042C39620E00EFC09C /* Debug */ = {
			isa = XCBuildConfiguration;
			buildSettings = {
				ALWAYS_SEARCH_USER_PATHS = NO;
				ASSETCATALOG_COMPILER_GENERATE_SWIFT_ASSET_SYMBOL_EXTENSIONS = YES;
				CLANG_ANALYZER_NONNULL = YES;
				CLANG_ANALYZER_NUMBER_OBJECT_CONVERSION = YES_AGGRESSIVE;
				CLANG_CXX_LANGUAGE_STANDARD = "gnu++20";
				CLANG_ENABLE_MODULES = YES;
				CLANG_ENABLE_OBJC_ARC = YES;
				CLANG_ENABLE_OBJC_WEAK = YES;
				CLANG_WARN_BLOCK_CAPTURE_AUTORELEASING = YES;
				CLANG_WARN_BOOL_CONVERSION = YES;
				CLANG_WARN_COMMA = YES;
				CLANG_WARN_CONSTANT_CONVERSION = YES;
				CLANG_WARN_DEPRECATED_OBJC_IMPLEMENTATIONS = YES;
				CLANG_WARN_DIRECT_OBJC_ISA_USAGE = YES_ERROR;
				CLANG_WARN_DOCUMENTATION_COMMENTS = YES;
				CLANG_WARN_EMPTY_BODY = YES;
				CLANG_WARN_ENUM_CONVERSION = YES;
				CLANG_WARN_INFINITE_RECURSION = YES;
				CLANG_WARN_INT_CONVERSION = YES;
				CLANG_WARN_NON_LITERAL_NULL_CONVERSION = YES;
				CLANG_WARN_OBJC_IMPLICIT_RETAIN_SELF = YES;
				CLANG_WARN_OBJC_LITERAL_CONVERSION = YES;
				CLANG_WARN_OBJC_ROOT_CLASS = YES_ERROR;
				CLANG_WARN_QUOTED_INCLUDE_IN_FRAMEWORK_HEADER = YES;
				CLANG_WARN_RANGE_LOOP_ANALYSIS = YES;
				CLANG_WARN_STRICT_PROTOTYPES = YES;
				CLANG_WARN_SUSPICIOUS_MOVE = YES;
				CLANG_WARN_UNGUARDED_AVAILABILITY = YES_AGGRESSIVE;
				CLANG_WARN_UNREACHABLE_CODE = YES;
				CLANG_WARN__DUPLICATE_METHOD_MATCH = YES;
				COPY_PHASE_STRIP = NO;
				DEBUG_INFORMATION_FORMAT = dwarf;
				ENABLE_STRICT_OBJC_MSGSEND = YES;
				ENABLE_TESTABILITY = YES;
				ENABLE_USER_SCRIPT_SANDBOXING = YES;
				GCC_C_LANGUAGE_STANDARD = gnu17;
				GCC_DYNAMIC_NO_PIC = NO;
				GCC_NO_COMMON_BLOCKS = YES;
				GCC_OPTIMIZATION_LEVEL = 0;
				GCC_PREPROCESSOR_DEFINITIONS = (
					"DEBUG=1",
					"$(inherited)",
				);
				GCC_WARN_64_TO_32_BIT_CONVERSION = YES;
				GCC_WARN_ABOUT_RETURN_TYPE = YES_ERROR;
				GCC_WARN_UNDECLARED_SELECTOR = YES;
				GCC_WARN_UNINITIALIZED_AUTOS = YES_AGGRESSIVE;
				GCC_WARN_UNUSED_FUNCTION = YES;
				GCC_WARN_UNUSED_VARIABLE = YES;
				LOCALIZATION_PREFERS_STRING_CATALOGS = YES;
				MTL_ENABLE_DEBUG_INFO = INCLUDE_SOURCE;
				MTL_FAST_MATH = YES;
				ONLY_ACTIVE_ARCH = YES;
				SWIFT_ACTIVE_COMPILATION_CONDITIONS = "DEBUG $(inherited)";
				SWIFT_OPTIMIZATION_LEVEL = "-Onone";
			};
			name = Debug;
		};
		04AE65052C39620E00EFC09C /* Release */ = {
			isa = XCBuildConfiguration;
			buildSettings = {
				ALWAYS_SEARCH_USER_PATHS = NO;
				ASSETCATALOG_COMPILER_GENERATE_SWIFT_ASSET_SYMBOL_EXTENSIONS = YES;
				CLANG_ANALYZER_NONNULL = YES;
				CLANG_ANALYZER_NUMBER_OBJECT_CONVERSION = YES_AGGRESSIVE;
				CLANG_CXX_LANGUAGE_STANDARD = "gnu++20";
				CLANG_ENABLE_MODULES = YES;
				CLANG_ENABLE_OBJC_ARC = YES;
				CLANG_ENABLE_OBJC_WEAK = YES;
				CLANG_WARN_BLOCK_CAPTURE_AUTORELEASING = YES;
				CLANG_WARN_BOOL_CONVERSION = YES;
				CLANG_WARN_COMMA = YES;
				CLANG_WARN_CONSTANT_CONVERSION = YES;
				CLANG_WARN_DEPRECATED_OBJC_IMPLEMENTATIONS = YES;
				CLANG_WARN_DIRECT_OBJC_ISA_USAGE = YES_ERROR;
				CLANG_WARN_DOCUMENTATION_COMMENTS = YES;
				CLANG_WARN_EMPTY_BODY = YES;
				CLANG_WARN_ENUM_CONVERSION = YES;
				CLANG_WARN_INFINITE_RECURSION = YES;
				CLANG_WARN_INT_CONVERSION = YES;
				CLANG_WARN_NON_LITERAL_NULL_CONVERSION = YES;
				CLANG_WARN_OBJC_IMPLICIT_RETAIN_SELF = YES;
				CLANG_WARN_OBJC_LITERAL_CONVERSION = YES;
				CLANG_WARN_OBJC_ROOT_CLASS = YES_ERROR;
				CLANG_WARN_QUOTED_INCLUDE_IN_FRAMEWORK_HEADER = YES;
				CLANG_WARN_RANGE_LOOP_ANALYSIS = YES;
				CLANG_WARN_STRICT_PROTOTYPES = YES;
				CLANG_WARN_SUSPICIOUS_MOVE = YES;
				CLANG_WARN_UNGUARDED_AVAILABILITY = YES_AGGRESSIVE;
				CLANG_WARN_UNREACHABLE_CODE = YES;
				CLANG_WARN__DUPLICATE_METHOD_MATCH = YES;
				COPY_PHASE_STRIP = NO;
				DEBUG_INFORMATION_FORMAT = "dwarf-with-dsym";
				ENABLE_NS_ASSERTIONS = NO;
				ENABLE_STRICT_OBJC_MSGSEND = YES;
				ENABLE_USER_SCRIPT_SANDBOXING = YES;
				GCC_C_LANGUAGE_STANDARD = gnu17;
				GCC_NO_COMMON_BLOCKS = YES;
				GCC_WARN_64_TO_32_BIT_CONVERSION = YES;
				GCC_WARN_ABOUT_RETURN_TYPE = YES_ERROR;
				GCC_WARN_UNDECLARED_SELECTOR = YES;
				GCC_WARN_UNINITIALIZED_AUTOS = YES_AGGRESSIVE;
				GCC_WARN_UNUSED_FUNCTION = YES;
				GCC_WARN_UNUSED_VARIABLE = YES;
				LOCALIZATION_PREFERS_STRING_CATALOGS = YES;
				MTL_ENABLE_DEBUG_INFO = NO;
				MTL_FAST_MATH = YES;
				SWIFT_COMPILATION_MODE = wholemodule;
			};
			name = Release;
		};
		04AE65072C39620E00EFC09C /* Debug */ = {
			isa = XCBuildConfiguration;
			buildSettings = {
				ASSETCATALOG_COMPILER_APPICON_NAME = AppIcon;
				ASSETCATALOG_COMPILER_GLOBAL_ACCENT_COLOR_NAME = AccentColor;
				CODE_SIGN_ENTITLEMENTS = OpenBooksPersonalFinance/OpenBooksPersonalFinance.entitlements;
				"CODE_SIGN_IDENTITY[sdk=macosx*]" = "Apple Development";
				CODE_SIGN_STYLE = Automatic;
				CURRENT_PROJECT_VERSION = 1;
				DEVELOPMENT_ASSET_PATHS = "\"OpenBooksPersonalFinance/Preview Content\"";
				DEVELOPMENT_TEAM = 462YLDWX6X;
				ENABLE_HARDENED_RUNTIME = YES;
				"ENABLE_HARDENED_RUNTIME[sdk=macosx*]" = YES;
				ENABLE_PREVIEWS = YES;
				GENERATE_INFOPLIST_FILE = YES;
				INFOPLIST_KEY_CFBundleDisplayName = "OpenBooks Personal Finance";
				INFOPLIST_KEY_LSApplicationCategoryType = "public.app-category.finance";
				"INFOPLIST_KEY_UIApplicationSceneManifest_Generation[sdk=iphoneos*]" = YES;
				"INFOPLIST_KEY_UIApplicationSceneManifest_Generation[sdk=iphonesimulator*]" = YES;
				"INFOPLIST_KEY_UIApplicationSupportsIndirectInputEvents[sdk=iphoneos*]" = YES;
				"INFOPLIST_KEY_UIApplicationSupportsIndirectInputEvents[sdk=iphonesimulator*]" = YES;
				"INFOPLIST_KEY_UILaunchScreen_Generation[sdk=iphoneos*]" = YES;
				"INFOPLIST_KEY_UILaunchScreen_Generation[sdk=iphonesimulator*]" = YES;
				"INFOPLIST_KEY_UIStatusBarStyle[sdk=iphoneos*]" = UIStatusBarStyleDefault;
				"INFOPLIST_KEY_UIStatusBarStyle[sdk=iphonesimulator*]" = UIStatusBarStyleDefault;
				INFOPLIST_KEY_UISupportedInterfaceOrientations_iPad = "UIInterfaceOrientationPortrait UIInterfaceOrientationPortraitUpsideDown UIInterfaceOrientationLandscapeLeft UIInterfaceOrientationLandscapeRight";
				INFOPLIST_KEY_UISupportedInterfaceOrientations_iPhone = "UIInterfaceOrientationPortrait UIInterfaceOrientationLandscapeLeft UIInterfaceOrientationLandscapeRight";
				IPHONEOS_DEPLOYMENT_TARGET = 18.0;
				LD_RUNPATH_SEARCH_PATHS = "@executable_path/Frameworks";
				"LD_RUNPATH_SEARCH_PATHS[sdk=macosx*]" = "@executable_path/../Frameworks";
				MACOSX_DEPLOYMENT_TARGET = 15.0;
				MARKETING_VERSION = 1.0;
				PRODUCT_BUNDLE_IDENTIFIER = app.openbooks.OpenBooksPersonalFinance;
				PRODUCT_NAME = "$(TARGET_NAME)";
				SDKROOT = auto;
				SUPPORTED_PLATFORMS = "iphoneos iphonesimulator macosx xros xrsimulator";
				SWIFT_EMIT_LOC_STRINGS = YES;
				SWIFT_VERSION = 5.0;
				TARGETED_DEVICE_FAMILY = "1,2,7";
				XROS_DEPLOYMENT_TARGET = 2.0;
			};
			name = Debug;
		};
		04AE65082C39620E00EFC09C /* Release */ = {
			isa = XCBuildConfiguration;
			buildSettings = {
				ASSETCATALOG_COMPILER_APPICON_NAME = AppIcon;
				ASSETCATALOG_COMPILER_GLOBAL_ACCENT_COLOR_NAME = AccentColor;
				CODE_SIGN_ENTITLEMENTS = OpenBooksPersonalFinance/OpenBooksPersonalFinance.entitlements;
				"CODE_SIGN_IDENTITY[sdk=macosx*]" = "Apple Development";
				CODE_SIGN_STYLE = Automatic;
				CURRENT_PROJECT_VERSION = 1;
				DEVELOPMENT_ASSET_PATHS = "\"OpenBooksPersonalFinance/Preview Content\"";
				DEVELOPMENT_TEAM = 462YLDWX6X;
				ENABLE_HARDENED_RUNTIME = YES;
				"ENABLE_HARDENED_RUNTIME[sdk=macosx*]" = YES;
				ENABLE_PREVIEWS = YES;
				GENERATE_INFOPLIST_FILE = YES;
				INFOPLIST_KEY_CFBundleDisplayName = "OpenBooks Personal Finance";
				INFOPLIST_KEY_LSApplicationCategoryType = "public.app-category.finance";
				"INFOPLIST_KEY_UIApplicationSceneManifest_Generation[sdk=iphoneos*]" = YES;
				"INFOPLIST_KEY_UIApplicationSceneManifest_Generation[sdk=iphonesimulator*]" = YES;
				"INFOPLIST_KEY_UIApplicationSupportsIndirectInputEvents[sdk=iphoneos*]" = YES;
				"INFOPLIST_KEY_UIApplicationSupportsIndirectInputEvents[sdk=iphonesimulator*]" = YES;
				"INFOPLIST_KEY_UILaunchScreen_Generation[sdk=iphoneos*]" = YES;
				"INFOPLIST_KEY_UILaunchScreen_Generation[sdk=iphonesimulator*]" = YES;
				"INFOPLIST_KEY_UIStatusBarStyle[sdk=iphoneos*]" = UIStatusBarStyleDefault;
				"INFOPLIST_KEY_UIStatusBarStyle[sdk=iphonesimulator*]" = UIStatusBarStyleDefault;
				INFOPLIST_KEY_UISupportedInterfaceOrientations_iPad = "UIInterfaceOrientationPortrait UIInterfaceOrientationPortraitUpsideDown UIInterfaceOrientationLandscapeLeft UIInterfaceOrientationLandscapeRight";
				INFOPLIST_KEY_UISupportedInterfaceOrientations_iPhone = "UIInterfaceOrientationPortrait UIInterfaceOrientationLandscapeLeft UIInterfaceOrientationLandscapeRight";
				IPHONEOS_DEPLOYMENT_TARGET = 18.0;
				LD_RUNPATH_SEARCH_PATHS = "@executable_path/Frameworks";
				"LD_RUNPATH_SEARCH_PATHS[sdk=macosx*]" = "@executable_path/../Frameworks";
				MACOSX_DEPLOYMENT_TARGET = 15.0;
				MARKETING_VERSION = 1.0;
				PRODUCT_BUNDLE_IDENTIFIER = app.openbooks.OpenBooksPersonalFinance;
				PRODUCT_NAME = "$(TARGET_NAME)";
				SDKROOT = auto;
				SUPPORTED_PLATFORMS = "iphoneos iphonesimulator macosx xros xrsimulator";
				SWIFT_EMIT_LOC_STRINGS = YES;
				SWIFT_VERSION = 5.0;
				TARGETED_DEVICE_FAMILY = "1,2,7";
				XROS_DEPLOYMENT_TARGET = 2.0;
			};
			name = Release;
		};
/* End XCBuildConfiguration section */

/* Begin XCConfigurationList section */
		04AE64F02C39620D00EFC09C /* Build configuration list for PBXProject "OpenBooksPersonalFinance" */ = {
			isa = XCConfigurationList;
			buildConfigurations = (
				04AE65042C39620E00EFC09C /* Debug */,
				04AE65052C39620E00EFC09C /* Release */,
			);
			defaultConfigurationIsVisible = 0;
			defaultConfigurationName = Release;
		};
		04AE65062C39620E00EFC09C /* Build configuration list for PBXNativeTarget "OpenBooksPersonalFinance" */ = {
			isa = XCConfigurationList;
			buildConfigurations = (
				04AE65072C39620E00EFC09C /* Debug */,
				04AE65082C39620E00EFC09C /* Release */,
			);
			defaultConfigurationIsVisible = 0;
			defaultConfigurationName = Release;
		};
/* End XCConfigurationList section */

/* Begin XCLocalSwiftPackageReference section */
		04AE65192C3A249600EFC09C /* XCLocalSwiftPackageReference "../OBFoundation" */ = {
			isa = XCLocalSwiftPackageReference;
			relativePath = ../OBFoundation;
		};
/* End XCLocalSwiftPackageReference section */

/* Begin XCSwiftPackageProductDependency section */
		04AE651A2C3A249600EFC09C /* OBFoundation */ = {
			isa = XCSwiftPackageProductDependency;
			productName = OBFoundation;
		};
/* End XCSwiftPackageProductDependency section */
	};
	rootObject = 04AE64ED2C39620D00EFC09C /* Project object */;
}
